// !$*UTF8*$!
{
	archiveVersion = 1;
	classes = {
	};
	objectVersion = 56;
	objects = {

/* Begin PBXBuildFile section */
		4617FCCB2A9F9927000CDB74 /* Photo.swift in Sources */ = {isa = PBXBuildFile; fileRef = 4617FCCA2A9F9927000CDB74 /* Photo.swift */; };
		4617FCCD2A9F9DDD000CDB74 /* ImagesListService.swift in Sources */ = {isa = PBXBuildFile; fileRef = 4617FCCC2A9F9DDD000CDB74 /* ImagesListService.swift */; };
		4617FCCF2AB0CD94000CDB74 /* PhotoResults.swift in Sources */ = {isa = PBXBuildFile; fileRef = 4617FCCE2AB0CD94000CDB74 /* PhotoResults.swift */; };
		4617FCD12AB0D24D000CDB74 /* DateService.swift in Sources */ = {isa = PBXBuildFile; fileRef = 4617FCD02AB0D24D000CDB74 /* DateService.swift */; };
		4617FCD32AB48ED4000CDB74 /* AlertModel.swift in Sources */ = {isa = PBXBuildFile; fileRef = 4617FCD22AB48ED4000CDB74 /* AlertModel.swift */; };
		4632B6872A6AC6830095AAAD /* ProfileViewController.swift in Sources */ = {isa = PBXBuildFile; fileRef = 4632B6862A6AC6830095AAAD /* ProfileViewController.swift */; };
		4632B68C2A6C31E50095AAAD /* SingleImageViewController.swift in Sources */ = {isa = PBXBuildFile; fileRef = 4632B68B2A6C31E50095AAAD /* SingleImageViewController.swift */; };
		4632B6912A7AC0110095AAAD /* AuthConfiguration.swift in Sources */ = {isa = PBXBuildFile; fileRef = 4632B6902A7AC0110095AAAD /* AuthConfiguration.swift */; };
		4632B6932A7ADAFA0095AAAD /* AuthViewController.swift in Sources */ = {isa = PBXBuildFile; fileRef = 4632B6922A7ADAFA0095AAAD /* AuthViewController.swift */; };
		4632B6962A7ADCE30095AAAD /* WebViewViewController.swift in Sources */ = {isa = PBXBuildFile; fileRef = 4632B6952A7ADCE30095AAAD /* WebViewViewController.swift */; };
		4638A4FD2A7D45FA0082116A /* SplashViewController.swift in Sources */ = {isa = PBXBuildFile; fileRef = 4638A4FC2A7D45FA0082116A /* SplashViewController.swift */; };
		4638A4FF2A7D48310082116A /* OAuthService.swift in Sources */ = {isa = PBXBuildFile; fileRef = 4638A4FE2A7D48310082116A /* OAuthService.swift */; };
		4638A5012A7E82810082116A /* OAuthTokenResponseBody.swift in Sources */ = {isa = PBXBuildFile; fileRef = 4638A5002A7E82810082116A /* OAuthTokenResponseBody.swift */; };
		4638A5032A7E86900082116A /* OAuthTokenStorage.swift in Sources */ = {isa = PBXBuildFile; fileRef = 4638A5022A7E86900082116A /* OAuthTokenStorage.swift */; };
		4638A5072A7E90270082116A /* URLSession+Extension.swift in Sources */ = {isa = PBXBuildFile; fileRef = 4638A5062A7E90270082116A /* URLSession+Extension.swift */; };
		4638A5092A7E90F20082116A /* URLRequest+Extensions.swift in Sources */ = {isa = PBXBuildFile; fileRef = 4638A5082A7E90F20082116A /* URLRequest+Extensions.swift */; };
		4638A5102A8FB8DE0082116A /* UIBlockingProgressHUD.swift in Sources */ = {isa = PBXBuildFile; fileRef = 4638A50F2A8FB8DE0082116A /* UIBlockingProgressHUD.swift */; };
		4638A5132A8FB9450082116A /* ProgressHUD in Frameworks */ = {isa = PBXBuildFile; productRef = 4638A5122A8FB9450082116A /* ProgressHUD */; };
		4638A5172A9245170082116A /* ProfileService.swift in Sources */ = {isa = PBXBuildFile; fileRef = 4638A5162A9245170082116A /* ProfileService.swift */; };
		4638A5192A94ED790082116A /* ProfileImageService.swift in Sources */ = {isa = PBXBuildFile; fileRef = 4638A5182A94ED790082116A /* ProfileImageService.swift */; };
		4638A51B2A94F8230082116A /* AlertPresenter.swift in Sources */ = {isa = PBXBuildFile; fileRef = 4638A51A2A94F8230082116A /* AlertPresenter.swift */; };
		4638A51D2A94FC1A0082116A /* AlertPresenterProtocol.swift in Sources */ = {isa = PBXBuildFile; fileRef = 4638A51C2A94FC1A0082116A /* AlertPresenterProtocol.swift */; };
		4638A5212A9511400082116A /* Kingfisher in Frameworks */ = {isa = PBXBuildFile; productRef = 4638A5202A9511400082116A /* Kingfisher */; };
		46536F9B2A5EF53E00B2C178 /* ImagesListCell.swift in Sources */ = {isa = PBXBuildFile; fileRef = 46536F9A2A5EF53E00B2C178 /* ImagesListCell.swift */; };
		4654764F2A5D9AAE00CAC5A6 /* AppDelegate.swift in Sources */ = {isa = PBXBuildFile; fileRef = 4654764E2A5D9AAE00CAC5A6 /* AppDelegate.swift */; };
		465476512A5D9AAE00CAC5A6 /* SceneDelegate.swift in Sources */ = {isa = PBXBuildFile; fileRef = 465476502A5D9AAE00CAC5A6 /* SceneDelegate.swift */; };
		465476532A5D9AAE00CAC5A6 /* ImagesListViewController.swift in Sources */ = {isa = PBXBuildFile; fileRef = 465476522A5D9AAE00CAC5A6 /* ImagesListViewController.swift */; };
		465476562A5D9AAE00CAC5A6 /* Main.storyboard in Resources */ = {isa = PBXBuildFile; fileRef = 465476542A5D9AAE00CAC5A6 /* Main.storyboard */; };
		4654765B2A5D9AB000CAC5A6 /* Assets.xcassets in Resources */ = {isa = PBXBuildFile; fileRef = 4654765A2A5D9AB000CAC5A6 /* Assets.xcassets */; };
		4654765E2A5D9AB000CAC5A6 /* LaunchScreen.storyboard in Resources */ = {isa = PBXBuildFile; fileRef = 4654765C2A5D9AB000CAC5A6 /* LaunchScreen.storyboard */; };
		465BA17B2AC08CD000F1A974 /* WebViewPresenter.swift in Sources */ = {isa = PBXBuildFile; fileRef = 465BA17A2AC08CD000F1A974 /* WebViewPresenter.swift */; };
		465BA17E2AC0923B00F1A974 /* AuthHelper.swift in Sources */ = {isa = PBXBuildFile; fileRef = 465BA17D2AC0923B00F1A974 /* AuthHelper.swift */; };
		465BA1862AC5BF8C00F1A974 /* WebViewTests.swift in Sources */ = {isa = PBXBuildFile; fileRef = 465BA1852AC5BF8C00F1A974 /* WebViewTests.swift */; };
		465BA18D2AC5D05000F1A974 /* WebViewViewControllerSpy.swift in Sources */ = {isa = PBXBuildFile; fileRef = 465BA18C2AC5D05000F1A974 /* WebViewViewControllerSpy.swift */; };
		465BA18F2AC5D09300F1A974 /* WebViewPresenterSpy.swift in Sources */ = {isa = PBXBuildFile; fileRef = 465BA18E2AC5D09300F1A974 /* WebViewPresenterSpy.swift */; };
		465BA1912AC5DB6800F1A974 /* ProfileViewPresenter.swift in Sources */ = {isa = PBXBuildFile; fileRef = 465BA1902AC5DB6800F1A974 /* ProfileViewPresenter.swift */; };
		465BF0912A962E22003EC49E /* ProfileModels.swift in Sources */ = {isa = PBXBuildFile; fileRef = 465BF0902A962E22003EC49E /* ProfileModels.swift */; };
		465BF0942A968023003EC49E /* SwiftKeychainWrapper in Frameworks */ = {isa = PBXBuildFile; productRef = 465BF0932A968023003EC49E /* SwiftKeychainWrapper */; };
		465BF0972A976ED6003EC49E /* TabBarController.swift in Sources */ = {isa = PBXBuildFile; fileRef = 465BF0962A976ED6003EC49E /* TabBarController.swift */; };
		465BF0992A9792E4003EC49E /* AuthViewControllerDelegate.swift in Sources */ = {isa = PBXBuildFile; fileRef = 465BF0982A9792E4003EC49E /* AuthViewControllerDelegate.swift */; };
		46A986F62A9A2ACE008C2CA3 /* ProfileImageModel.swift in Sources */ = {isa = PBXBuildFile; fileRef = 46A986F52A9A2ACE008C2CA3 /* ProfileImageModel.swift */; };
/* End PBXBuildFile section */

/* Begin PBXContainerItemProxy section */
		465BA1872AC5BF8C00F1A974 /* PBXContainerItemProxy */ = {
			isa = PBXContainerItemProxy;
			containerPortal = 465476432A5D9AAE00CAC5A6 /* Project object */;
			proxyType = 1;
			remoteGlobalIDString = 4654764A2A5D9AAE00CAC5A6;
			remoteInfo = ImageFeed;
		};
/* End PBXContainerItemProxy section */

/* Begin PBXFileReference section */
		4617FCCA2A9F9927000CDB74 /* Photo.swift */ = {isa = PBXFileReference; lastKnownFileType = sourcecode.swift; path = Photo.swift; sourceTree = "<group>"; };
		4617FCCC2A9F9DDD000CDB74 /* ImagesListService.swift */ = {isa = PBXFileReference; lastKnownFileType = sourcecode.swift; path = ImagesListService.swift; sourceTree = "<group>"; };
		4617FCCE2AB0CD94000CDB74 /* PhotoResults.swift */ = {isa = PBXFileReference; lastKnownFileType = sourcecode.swift; path = PhotoResults.swift; sourceTree = "<group>"; };
		4617FCD02AB0D24D000CDB74 /* DateService.swift */ = {isa = PBXFileReference; lastKnownFileType = sourcecode.swift; path = DateService.swift; sourceTree = "<group>"; };
		4617FCD22AB48ED4000CDB74 /* AlertModel.swift */ = {isa = PBXFileReference; lastKnownFileType = sourcecode.swift; path = AlertModel.swift; sourceTree = "<group>"; };
		4632B6862A6AC6830095AAAD /* ProfileViewController.swift */ = {isa = PBXFileReference; lastKnownFileType = sourcecode.swift; path = ProfileViewController.swift; sourceTree = "<group>"; };
		4632B68B2A6C31E50095AAAD /* SingleImageViewController.swift */ = {isa = PBXFileReference; lastKnownFileType = sourcecode.swift; path = SingleImageViewController.swift; sourceTree = "<group>"; };
		4632B6902A7AC0110095AAAD /* AuthConfiguration.swift */ = {isa = PBXFileReference; lastKnownFileType = sourcecode.swift; path = AuthConfiguration.swift; sourceTree = "<group>"; };
		4632B6922A7ADAFA0095AAAD /* AuthViewController.swift */ = {isa = PBXFileReference; lastKnownFileType = sourcecode.swift; path = AuthViewController.swift; sourceTree = "<group>"; };
		4632B6952A7ADCE30095AAAD /* WebViewViewController.swift */ = {isa = PBXFileReference; lastKnownFileType = sourcecode.swift; path = WebViewViewController.swift; sourceTree = "<group>"; };
		4638A4FC2A7D45FA0082116A /* SplashViewController.swift */ = {isa = PBXFileReference; lastKnownFileType = sourcecode.swift; path = SplashViewController.swift; sourceTree = "<group>"; };
		4638A4FE2A7D48310082116A /* OAuthService.swift */ = {isa = PBXFileReference; lastKnownFileType = sourcecode.swift; path = OAuthService.swift; sourceTree = "<group>"; };
		4638A5002A7E82810082116A /* OAuthTokenResponseBody.swift */ = {isa = PBXFileReference; lastKnownFileType = sourcecode.swift; path = OAuthTokenResponseBody.swift; sourceTree = "<group>"; };
		4638A5022A7E86900082116A /* OAuthTokenStorage.swift */ = {isa = PBXFileReference; lastKnownFileType = sourcecode.swift; path = OAuthTokenStorage.swift; sourceTree = "<group>"; };
		4638A5062A7E90270082116A /* URLSession+Extension.swift */ = {isa = PBXFileReference; lastKnownFileType = sourcecode.swift; path = "URLSession+Extension.swift"; sourceTree = "<group>"; };
		4638A5082A7E90F20082116A /* URLRequest+Extensions.swift */ = {isa = PBXFileReference; lastKnownFileType = sourcecode.swift; path = "URLRequest+Extensions.swift"; sourceTree = "<group>"; };
		4638A50F2A8FB8DE0082116A /* UIBlockingProgressHUD.swift */ = {isa = PBXFileReference; lastKnownFileType = sourcecode.swift; path = UIBlockingProgressHUD.swift; sourceTree = "<group>"; };
		4638A5162A9245170082116A /* ProfileService.swift */ = {isa = PBXFileReference; lastKnownFileType = sourcecode.swift; path = ProfileService.swift; sourceTree = "<group>"; };
		4638A5182A94ED790082116A /* ProfileImageService.swift */ = {isa = PBXFileReference; lastKnownFileType = sourcecode.swift; path = ProfileImageService.swift; sourceTree = "<group>"; };
		4638A51A2A94F8230082116A /* AlertPresenter.swift */ = {isa = PBXFileReference; lastKnownFileType = sourcecode.swift; path = AlertPresenter.swift; sourceTree = "<group>"; };
		4638A51C2A94FC1A0082116A /* AlertPresenterProtocol.swift */ = {isa = PBXFileReference; lastKnownFileType = sourcecode.swift; path = AlertPresenterProtocol.swift; sourceTree = "<group>"; };
		46536F9A2A5EF53E00B2C178 /* ImagesListCell.swift */ = {isa = PBXFileReference; lastKnownFileType = sourcecode.swift; path = ImagesListCell.swift; sourceTree = "<group>"; };
		4654764B2A5D9AAE00CAC5A6 /* ImageFeed.app */ = {isa = PBXFileReference; explicitFileType = wrapper.application; includeInIndex = 0; path = ImageFeed.app; sourceTree = BUILT_PRODUCTS_DIR; };
		4654764E2A5D9AAE00CAC5A6 /* AppDelegate.swift */ = {isa = PBXFileReference; lastKnownFileType = sourcecode.swift; path = AppDelegate.swift; sourceTree = "<group>"; };
		465476502A5D9AAE00CAC5A6 /* SceneDelegate.swift */ = {isa = PBXFileReference; lastKnownFileType = sourcecode.swift; path = SceneDelegate.swift; sourceTree = "<group>"; };
		465476522A5D9AAE00CAC5A6 /* ImagesListViewController.swift */ = {isa = PBXFileReference; lastKnownFileType = sourcecode.swift; path = ImagesListViewController.swift; sourceTree = "<group>"; };
		465476552A5D9AAE00CAC5A6 /* Base */ = {isa = PBXFileReference; lastKnownFileType = file.storyboard; name = Base; path = Base.lproj/Main.storyboard; sourceTree = "<group>"; };
		4654765A2A5D9AB000CAC5A6 /* Assets.xcassets */ = {isa = PBXFileReference; lastKnownFileType = folder.assetcatalog; path = Assets.xcassets; sourceTree = "<group>"; };
		4654765D2A5D9AB000CAC5A6 /* Base */ = {isa = PBXFileReference; lastKnownFileType = file.storyboard; name = Base; path = Base.lproj/LaunchScreen.storyboard; sourceTree = "<group>"; };
		4654765F2A5D9AB000CAC5A6 /* Info.plist */ = {isa = PBXFileReference; lastKnownFileType = text.plist.xml; path = Info.plist; sourceTree = "<group>"; };
		465BA17A2AC08CD000F1A974 /* WebViewPresenter.swift */ = {isa = PBXFileReference; lastKnownFileType = sourcecode.swift; path = WebViewPresenter.swift; sourceTree = "<group>"; };
		465BA17D2AC0923B00F1A974 /* AuthHelper.swift */ = {isa = PBXFileReference; lastKnownFileType = sourcecode.swift; path = AuthHelper.swift; sourceTree = "<group>"; };
		465BA1832AC5BF8C00F1A974 /* ImageFeedTests.xctest */ = {isa = PBXFileReference; explicitFileType = wrapper.cfbundle; includeInIndex = 0; path = ImageFeedTests.xctest; sourceTree = BUILT_PRODUCTS_DIR; };
		465BA1852AC5BF8C00F1A974 /* WebViewTests.swift */ = {isa = PBXFileReference; lastKnownFileType = sourcecode.swift; path = WebViewTests.swift; sourceTree = "<group>"; };
		465BA18C2AC5D05000F1A974 /* WebViewViewControllerSpy.swift */ = {isa = PBXFileReference; lastKnownFileType = sourcecode.swift; path = WebViewViewControllerSpy.swift; sourceTree = "<group>"; };
		465BA18E2AC5D09300F1A974 /* WebViewPresenterSpy.swift */ = {isa = PBXFileReference; lastKnownFileType = sourcecode.swift; path = WebViewPresenterSpy.swift; sourceTree = "<group>"; };
		465BA1902AC5DB6800F1A974 /* ProfileViewPresenter.swift */ = {isa = PBXFileReference; lastKnownFileType = sourcecode.swift; path = ProfileViewPresenter.swift; sourceTree = "<group>"; };
		465BF0902A962E22003EC49E /* ProfileModels.swift */ = {isa = PBXFileReference; lastKnownFileType = sourcecode.swift; path = ProfileModels.swift; sourceTree = "<group>"; };
		465BF0962A976ED6003EC49E /* TabBarController.swift */ = {isa = PBXFileReference; lastKnownFileType = sourcecode.swift; path = TabBarController.swift; sourceTree = "<group>"; };
		465BF0982A9792E4003EC49E /* AuthViewControllerDelegate.swift */ = {isa = PBXFileReference; lastKnownFileType = sourcecode.swift; path = AuthViewControllerDelegate.swift; sourceTree = "<group>"; };
		46A986F52A9A2ACE008C2CA3 /* ProfileImageModel.swift */ = {isa = PBXFileReference; lastKnownFileType = sourcecode.swift; path = ProfileImageModel.swift; sourceTree = "<group>"; };
/* End PBXFileReference section */

/* Begin PBXFrameworksBuildPhase section */
		465476482A5D9AAE00CAC5A6 /* Frameworks */ = {
			isa = PBXFrameworksBuildPhase;
			buildActionMask = 2147483647;
			files = (
				4638A5212A9511400082116A /* Kingfisher in Frameworks */,
				4638A5132A8FB9450082116A /* ProgressHUD in Frameworks */,
				465BF0942A968023003EC49E /* SwiftKeychainWrapper in Frameworks */,
			);
			runOnlyForDeploymentPostprocessing = 0;
		};
		465BA1802AC5BF8C00F1A974 /* Frameworks */ = {
			isa = PBXFrameworksBuildPhase;
			buildActionMask = 2147483647;
			files = (
			);
			runOnlyForDeploymentPostprocessing = 0;
		};
/* End PBXFrameworksBuildPhase section */

/* Begin PBXGroup section */
		4632B68A2A6AC8A70095AAAD /* Profile */ = {
			isa = PBXGroup;
			children = (
				4632B6862A6AC6830095AAAD /* ProfileViewController.swift */,
				4638A5162A9245170082116A /* ProfileService.swift */,
				4638A5182A94ED790082116A /* ProfileImageService.swift */,
				465BA1902AC5DB6800F1A974 /* ProfileViewPresenter.swift */,
			);
			path = Profile;
			sourceTree = "<group>";
		};
		4632B68D2A6C33E70095AAAD /* Single Image */ = {
			isa = PBXGroup;
			children = (
				4632B68B2A6C31E50095AAAD /* SingleImageViewController.swift */,
			);
			path = "Single Image";
			sourceTree = "<group>";
		};
		4632B6942A7ADB210095AAAD /* Auth */ = {
			isa = PBXGroup;
			children = (
				4632B6902A7AC0110095AAAD /* AuthConfiguration.swift */,
				4632B6922A7ADAFA0095AAAD /* AuthViewController.swift */,
				4632B6952A7ADCE30095AAAD /* WebViewViewController.swift */,
				4638A4FE2A7D48310082116A /* OAuthService.swift */,
				4638A5002A7E82810082116A /* OAuthTokenResponseBody.swift */,
				4638A5022A7E86900082116A /* OAuthTokenStorage.swift */,
				465BF0982A9792E4003EC49E /* AuthViewControllerDelegate.swift */,
				465BA17A2AC08CD000F1A974 /* WebViewPresenter.swift */,
				465BA17D2AC0923B00F1A974 /* AuthHelper.swift */,
			);
			path = Auth;
			sourceTree = "<group>";
		};
		4638A4FB2A7D45E90082116A /* SplashViewController */ = {
			isa = PBXGroup;
			children = (
				4638A4FC2A7D45FA0082116A /* SplashViewController.swift */,
			);
			path = SplashViewController;
			sourceTree = "<group>";
		};
		4638A5052A7E8FFD0082116A /* Helpers */ = {
			isa = PBXGroup;
			children = (
				4638A5062A7E90270082116A /* URLSession+Extension.swift */,
				4638A5082A7E90F20082116A /* URLRequest+Extensions.swift */,
				4638A50F2A8FB8DE0082116A /* UIBlockingProgressHUD.swift */,
				4617FCD02AB0D24D000CDB74 /* DateService.swift */,
			);
			path = Helpers;
			sourceTree = "<group>";
		};
		4638A51E2A94FC590082116A /* AlertPresenter */ = {
			isa = PBXGroup;
			children = (
				4638A51A2A94F8230082116A /* AlertPresenter.swift */,
				4638A51C2A94FC1A0082116A /* AlertPresenterProtocol.swift */,
			);
			path = AlertPresenter;
			sourceTree = "<group>";
		};
		46536F9C2A5EF59500B2C178 /* ImagesList */ = {
			isa = PBXGroup;
			children = (
				46536F9A2A5EF53E00B2C178 /* ImagesListCell.swift */,
				465476522A5D9AAE00CAC5A6 /* ImagesListViewController.swift */,
				4617FCCC2A9F9DDD000CDB74 /* ImagesListService.swift */,
			);
			path = ImagesList;
			sourceTree = "<group>";
		};
		46536F9D2A5EF5B000B2C178 /* Resources */ = {
			isa = PBXGroup;
			children = (
				4654765A2A5D9AB000CAC5A6 /* Assets.xcassets */,
			);
			path = Resources;
			sourceTree = "<group>";
		};
		465476422A5D9AAE00CAC5A6 = {
			isa = PBXGroup;
			children = (
				4654764D2A5D9AAE00CAC5A6 /* ImageFeed */,
				465BA1842AC5BF8C00F1A974 /* ImageFeedTests */,
				4654764C2A5D9AAE00CAC5A6 /* Products */,
			);
			sourceTree = "<group>";
		};
		4654764C2A5D9AAE00CAC5A6 /* Products */ = {
			isa = PBXGroup;
			children = (
				4654764B2A5D9AAE00CAC5A6 /* ImageFeed.app */,
				465BA1832AC5BF8C00F1A974 /* ImageFeedTests.xctest */,
			);
			name = Products;
			sourceTree = "<group>";
		};
		4654764D2A5D9AAE00CAC5A6 /* ImageFeed */ = {
			isa = PBXGroup;
			children = (
				46A986F42A9A2A9A008C2CA3 /* Models */,
				465BF0952A976EC8003EC49E /* TabBar */,
				4638A51E2A94FC590082116A /* AlertPresenter */,
				4638A5052A7E8FFD0082116A /* Helpers */,
				4638A4FB2A7D45E90082116A /* SplashViewController */,
				4632B6942A7ADB210095AAAD /* Auth */,
				4632B68D2A6C33E70095AAAD /* Single Image */,
				46536F9D2A5EF5B000B2C178 /* Resources */,
				4632B68A2A6AC8A70095AAAD /* Profile */,
				46536F9C2A5EF59500B2C178 /* ImagesList */,
				4654764E2A5D9AAE00CAC5A6 /* AppDelegate.swift */,
				465476502A5D9AAE00CAC5A6 /* SceneDelegate.swift */,
				465476542A5D9AAE00CAC5A6 /* Main.storyboard */,
				4654765C2A5D9AB000CAC5A6 /* LaunchScreen.storyboard */,
				4654765F2A5D9AB000CAC5A6 /* Info.plist */,
			);
			path = ImageFeed;
			sourceTree = "<group>";
		};
		465BA1842AC5BF8C00F1A974 /* ImageFeedTests */ = {
			isa = PBXGroup;
			children = (
				465BA1852AC5BF8C00F1A974 /* WebViewTests.swift */,
				465BA18C2AC5D05000F1A974 /* WebViewViewControllerSpy.swift */,
				465BA18E2AC5D09300F1A974 /* WebViewPresenterSpy.swift */,
			);
			path = ImageFeedTests;
			sourceTree = "<group>";
		};
		465BF0952A976EC8003EC49E /* TabBar */ = {
			isa = PBXGroup;
			children = (
				465BF0962A976ED6003EC49E /* TabBarController.swift */,
			);
			path = TabBar;
			sourceTree = "<group>";
		};
		46A986F42A9A2A9A008C2CA3 /* Models */ = {
			isa = PBXGroup;
			children = (
				465BF0902A962E22003EC49E /* ProfileModels.swift */,
				46A986F52A9A2ACE008C2CA3 /* ProfileImageModel.swift */,
				4617FCCA2A9F9927000CDB74 /* Photo.swift */,
				4617FCCE2AB0CD94000CDB74 /* PhotoResults.swift */,
				4617FCD22AB48ED4000CDB74 /* AlertModel.swift */,
			);
			path = Models;
			sourceTree = "<group>";
		};
/* End PBXGroup section */

/* Begin PBXNativeTarget section */
		4654764A2A5D9AAE00CAC5A6 /* ImageFeed */ = {
			isa = PBXNativeTarget;
			buildConfigurationList = 465476782A5D9AB000CAC5A6 /* Build configuration list for PBXNativeTarget "ImageFeed" */;
			buildPhases = (
				465476472A5D9AAE00CAC5A6 /* Sources */,
				465476482A5D9AAE00CAC5A6 /* Frameworks */,
				465476492A5D9AAE00CAC5A6 /* Resources */,
			);
			buildRules = (
			);
			dependencies = (
			);
			name = ImageFeed;
			packageProductDependencies = (
				4638A5122A8FB9450082116A /* ProgressHUD */,
				4638A5202A9511400082116A /* Kingfisher */,
				465BF0932A968023003EC49E /* SwiftKeychainWrapper */,
			);
			productName = ImageFeed;
			productReference = 4654764B2A5D9AAE00CAC5A6 /* ImageFeed.app */;
			productType = "com.apple.product-type.application";
		};
		465BA1822AC5BF8C00F1A974 /* ImageFeedTests */ = {
			isa = PBXNativeTarget;
			buildConfigurationList = 465BA1892AC5BF8C00F1A974 /* Build configuration list for PBXNativeTarget "ImageFeedTests" */;
			buildPhases = (
				465BA17F2AC5BF8C00F1A974 /* Sources */,
				465BA1802AC5BF8C00F1A974 /* Frameworks */,
				465BA1812AC5BF8C00F1A974 /* Resources */,
			);
			buildRules = (
			);
			dependencies = (
				465BA1882AC5BF8C00F1A974 /* PBXTargetDependency */,
			);
			name = ImageFeedTests;
			productName = ImageFeedTests;
			productReference = 465BA1832AC5BF8C00F1A974 /* ImageFeedTests.xctest */;
			productType = "com.apple.product-type.bundle.unit-test";
		};
/* End PBXNativeTarget section */

/* Begin PBXProject section */
		465476432A5D9AAE00CAC5A6 /* Project object */ = {
			isa = PBXProject;
			attributes = {
				BuildIndependentTargetsInParallel = 1;
				LastSwiftUpdateCheck = 1430;
				LastUpgradeCheck = 1430;
				TargetAttributes = {
					4654764A2A5D9AAE00CAC5A6 = {
						CreatedOnToolsVersion = 14.3;
					};
					465BA1822AC5BF8C00F1A974 = {
						CreatedOnToolsVersion = 14.3;
						TestTargetID = 4654764A2A5D9AAE00CAC5A6;
					};
				};
			};
			buildConfigurationList = 465476462A5D9AAE00CAC5A6 /* Build configuration list for PBXProject "ImageFeed" */;
			compatibilityVersion = "Xcode 14.0";
			developmentRegion = en;
			hasScannedForEncodings = 0;
			knownRegions = (
				en,
				Base,
			);
			mainGroup = 465476422A5D9AAE00CAC5A6;
			packageReferences = (
				4638A5112A8FB9450082116A /* XCRemoteSwiftPackageReference "ProgressHUD" */,
				4638A51F2A9511400082116A /* XCRemoteSwiftPackageReference "Kingfisher" */,
				465BF0922A968023003EC49E /* XCRemoteSwiftPackageReference "SwiftKeychainWrapper" */,
			);
			productRefGroup = 4654764C2A5D9AAE00CAC5A6 /* Products */;
			projectDirPath = "";
			projectRoot = "";
			targets = (
				4654764A2A5D9AAE00CAC5A6 /* ImageFeed */,
				465BA1822AC5BF8C00F1A974 /* ImageFeedTests */,
			);
		};
/* End PBXProject section */

/* Begin PBXResourcesBuildPhase section */
		465476492A5D9AAE00CAC5A6 /* Resources */ = {
			isa = PBXResourcesBuildPhase;
			buildActionMask = 2147483647;
			files = (
				4654765E2A5D9AB000CAC5A6 /* LaunchScreen.storyboard in Resources */,
				4654765B2A5D9AB000CAC5A6 /* Assets.xcassets in Resources */,
				465476562A5D9AAE00CAC5A6 /* Main.storyboard in Resources */,
			);
			runOnlyForDeploymentPostprocessing = 0;
		};
		465BA1812AC5BF8C00F1A974 /* Resources */ = {
			isa = PBXResourcesBuildPhase;
			buildActionMask = 2147483647;
			files = (
			);
			runOnlyForDeploymentPostprocessing = 0;
		};
/* End PBXResourcesBuildPhase section */

/* Begin PBXSourcesBuildPhase section */
		465476472A5D9AAE00CAC5A6 /* Sources */ = {
			isa = PBXSourcesBuildPhase;
			buildActionMask = 2147483647;
			files = (
				4617FCCF2AB0CD94000CDB74 /* PhotoResults.swift in Sources */,
				465476532A5D9AAE00CAC5A6 /* ImagesListViewController.swift in Sources */,
				46536F9B2A5EF53E00B2C178 /* ImagesListCell.swift in Sources */,
				4638A5072A7E90270082116A /* URLSession+Extension.swift in Sources */,
				4638A5102A8FB8DE0082116A /* UIBlockingProgressHUD.swift in Sources */,
				465BF0992A9792E4003EC49E /* AuthViewControllerDelegate.swift in Sources */,
				4638A5092A7E90F20082116A /* URLRequest+Extensions.swift in Sources */,
				4638A5012A7E82810082116A /* OAuthTokenResponseBody.swift in Sources */,
				4632B6872A6AC6830095AAAD /* ProfileViewController.swift in Sources */,
				4638A5172A9245170082116A /* ProfileService.swift in Sources */,
				465BA17B2AC08CD000F1A974 /* WebViewPresenter.swift in Sources */,
				4654764F2A5D9AAE00CAC5A6 /* AppDelegate.swift in Sources */,
				4638A51D2A94FC1A0082116A /* AlertPresenterProtocol.swift in Sources */,
				4638A4FF2A7D48310082116A /* OAuthService.swift in Sources */,
				4632B6932A7ADAFA0095AAAD /* AuthViewController.swift in Sources */,
				465BF0912A962E22003EC49E /* ProfileModels.swift in Sources */,
				465BF0972A976ED6003EC49E /* TabBarController.swift in Sources */,
				4638A51B2A94F8230082116A /* AlertPresenter.swift in Sources */,
				4632B6912A7AC0110095AAAD /* AuthConfiguration.swift in Sources */,
				4632B68C2A6C31E50095AAAD /* SingleImageViewController.swift in Sources */,
				4617FCD12AB0D24D000CDB74 /* DateService.swift in Sources */,
				4617FCCB2A9F9927000CDB74 /* Photo.swift in Sources */,
				4632B6962A7ADCE30095AAAD /* WebViewViewController.swift in Sources */,
				465476512A5D9AAE00CAC5A6 /* SceneDelegate.swift in Sources */,
				4638A5192A94ED790082116A /* ProfileImageService.swift in Sources */,
				465BA1912AC5DB6800F1A974 /* ProfileViewPresenter.swift in Sources */,
				4638A5032A7E86900082116A /* OAuthTokenStorage.swift in Sources */,
				4638A4FD2A7D45FA0082116A /* SplashViewController.swift in Sources */,
				4617FCD32AB48ED4000CDB74 /* AlertModel.swift in Sources */,
				46A986F62A9A2ACE008C2CA3 /* ProfileImageModel.swift in Sources */,
				465BA17E2AC0923B00F1A974 /* AuthHelper.swift in Sources */,
				4617FCCD2A9F9DDD000CDB74 /* ImagesListService.swift in Sources */,
			);
			runOnlyForDeploymentPostprocessing = 0;
		};
		465BA17F2AC5BF8C00F1A974 /* Sources */ = {
			isa = PBXSourcesBuildPhase;
			buildActionMask = 2147483647;
			files = (
				465BA1862AC5BF8C00F1A974 /* WebViewTests.swift in Sources */,
				465BA18D2AC5D05000F1A974 /* WebViewViewControllerSpy.swift in Sources */,
				465BA18F2AC5D09300F1A974 /* WebViewPresenterSpy.swift in Sources */,
			);
			runOnlyForDeploymentPostprocessing = 0;
		};
/* End PBXSourcesBuildPhase section */

/* Begin PBXTargetDependency section */
		465BA1882AC5BF8C00F1A974 /* PBXTargetDependency */ = {
			isa = PBXTargetDependency;
			target = 4654764A2A5D9AAE00CAC5A6 /* ImageFeed */;
			targetProxy = 465BA1872AC5BF8C00F1A974 /* PBXContainerItemProxy */;
		};
/* End PBXTargetDependency section */

/* Begin PBXVariantGroup section */
		465476542A5D9AAE00CAC5A6 /* Main.storyboard */ = {
			isa = PBXVariantGroup;
			children = (
				465476552A5D9AAE00CAC5A6 /* Base */,
			);
			name = Main.storyboard;
			sourceTree = "<group>";
		};
		4654765C2A5D9AB000CAC5A6 /* LaunchScreen.storyboard */ = {
			isa = PBXVariantGroup;
			children = (
				4654765D2A5D9AB000CAC5A6 /* Base */,
			);
			name = LaunchScreen.storyboard;
			sourceTree = "<group>";
		};
/* End PBXVariantGroup section */

/* Begin XCBuildConfiguration section */
		465476762A5D9AB000CAC5A6 /* Debug */ = {
			isa = XCBuildConfiguration;
			buildSettings = {
				ALWAYS_SEARCH_USER_PATHS = NO;
				CLANG_ANALYZER_NONNULL = YES;
				CLANG_ANALYZER_NUMBER_OBJECT_CONVERSION = YES_AGGRESSIVE;
				CLANG_CXX_LANGUAGE_STANDARD = "gnu++20";
				CLANG_ENABLE_MODULES = YES;
				CLANG_ENABLE_OBJC_ARC = YES;
				CLANG_ENABLE_OBJC_WEAK = YES;
				CLANG_WARN_BLOCK_CAPTURE_AUTORELEASING = YES;
				CLANG_WARN_BOOL_CONVERSION = YES;
				CLANG_WARN_COMMA = YES;
				CLANG_WARN_CONSTANT_CONVERSION = YES;
				CLANG_WARN_DEPRECATED_OBJC_IMPLEMENTATIONS = YES;
				CLANG_WARN_DIRECT_OBJC_ISA_USAGE = YES_ERROR;
				CLANG_WARN_DOCUMENTATION_COMMENTS = YES;
				CLANG_WARN_EMPTY_BODY = YES;
				CLANG_WARN_ENUM_CONVERSION = YES;
				CLANG_WARN_INFINITE_RECURSION = YES;
				CLANG_WARN_INT_CONVERSION = YES;
				CLANG_WARN_NON_LITERAL_NULL_CONVERSION = YES;
				CLANG_WARN_OBJC_IMPLICIT_RETAIN_SELF = YES;
				CLANG_WARN_OBJC_LITERAL_CONVERSION = YES;
				CLANG_WARN_OBJC_ROOT_CLASS = YES_ERROR;
				CLANG_WARN_QUOTED_INCLUDE_IN_FRAMEWORK_HEADER = YES;
				CLANG_WARN_RANGE_LOOP_ANALYSIS = YES;
				CLANG_WARN_STRICT_PROTOTYPES = YES;
				CLANG_WARN_SUSPICIOUS_MOVE = YES;
				CLANG_WARN_UNGUARDED_AVAILABILITY = YES_AGGRESSIVE;
				CLANG_WARN_UNREACHABLE_CODE = YES;
				CLANG_WARN__DUPLICATE_METHOD_MATCH = YES;
				COPY_PHASE_STRIP = NO;
				DEBUG_INFORMATION_FORMAT = dwarf;
				ENABLE_STRICT_OBJC_MSGSEND = YES;
				ENABLE_TESTABILITY = YES;
				GCC_C_LANGUAGE_STANDARD = gnu11;
				GCC_DYNAMIC_NO_PIC = NO;
				GCC_NO_COMMON_BLOCKS = YES;
				GCC_OPTIMIZATION_LEVEL = 0;
				GCC_PREPROCESSOR_DEFINITIONS = (
					"DEBUG=1",
					"$(inherited)",
				);
				GCC_WARN_64_TO_32_BIT_CONVERSION = YES;
				GCC_WARN_ABOUT_RETURN_TYPE = YES_ERROR;
				GCC_WARN_UNDECLARED_SELECTOR = YES;
				GCC_WARN_UNINITIALIZED_AUTOS = YES_AGGRESSIVE;
				GCC_WARN_UNUSED_FUNCTION = YES;
				GCC_WARN_UNUSED_VARIABLE = YES;
				IPHONEOS_DEPLOYMENT_TARGET = 16.4;
				MTL_ENABLE_DEBUG_INFO = INCLUDE_SOURCE;
				MTL_FAST_MATH = YES;
				ONLY_ACTIVE_ARCH = YES;
				SDKROOT = iphoneos;
				SWIFT_ACTIVE_COMPILATION_CONDITIONS = DEBUG;
				SWIFT_OPTIMIZATION_LEVEL = "-Onone";
			};
			name = Debug;
		};
		465476772A5D9AB000CAC5A6 /* Release */ = {
			isa = XCBuildConfiguration;
			buildSettings = {
				ALWAYS_SEARCH_USER_PATHS = NO;
				CLANG_ANALYZER_NONNULL = YES;
				CLANG_ANALYZER_NUMBER_OBJECT_CONVERSION = YES_AGGRESSIVE;
				CLANG_CXX_LANGUAGE_STANDARD = "gnu++20";
				CLANG_ENABLE_MODULES = YES;
				CLANG_ENABLE_OBJC_ARC = YES;
				CLANG_ENABLE_OBJC_WEAK = YES;
				CLANG_WARN_BLOCK_CAPTURE_AUTORELEASING = YES;
				CLANG_WARN_BOOL_CONVERSION = YES;
				CLANG_WARN_COMMA = YES;
				CLANG_WARN_CONSTANT_CONVERSION = YES;
				CLANG_WARN_DEPRECATED_OBJC_IMPLEMENTATIONS = YES;
				CLANG_WARN_DIRECT_OBJC_ISA_USAGE = YES_ERROR;
				CLANG_WARN_DOCUMENTATION_COMMENTS = YES;
				CLANG_WARN_EMPTY_BODY = YES;
				CLANG_WARN_ENUM_CONVERSION = YES;
				CLANG_WARN_INFINITE_RECURSION = YES;
				CLANG_WARN_INT_CONVERSION = YES;
				CLANG_WARN_NON_LITERAL_NULL_CONVERSION = YES;
				CLANG_WARN_OBJC_IMPLICIT_RETAIN_SELF = YES;
				CLANG_WARN_OBJC_LITERAL_CONVERSION = YES;
				CLANG_WARN_OBJC_ROOT_CLASS = YES_ERROR;
				CLANG_WARN_QUOTED_INCLUDE_IN_FRAMEWORK_HEADER = YES;
				CLANG_WARN_RANGE_LOOP_ANALYSIS = YES;
				CLANG_WARN_STRICT_PROTOTYPES = YES;
				CLANG_WARN_SUSPICIOUS_MOVE = YES;
				CLANG_WARN_UNGUARDED_AVAILABILITY = YES_AGGRESSIVE;
				CLANG_WARN_UNREACHABLE_CODE = YES;
				CLANG_WARN__DUPLICATE_METHOD_MATCH = YES;
				COPY_PHASE_STRIP = NO;
				DEBUG_INFORMATION_FORMAT = "dwarf-with-dsym";
				ENABLE_NS_ASSERTIONS = NO;
				ENABLE_STRICT_OBJC_MSGSEND = YES;
				GCC_C_LANGUAGE_STANDARD = gnu11;
				GCC_NO_COMMON_BLOCKS = YES;
				GCC_WARN_64_TO_32_BIT_CONVERSION = YES;
				GCC_WARN_ABOUT_RETURN_TYPE = YES_ERROR;
				GCC_WARN_UNDECLARED_SELECTOR = YES;
				GCC_WARN_UNINITIALIZED_AUTOS = YES_AGGRESSIVE;
				GCC_WARN_UNUSED_FUNCTION = YES;
				GCC_WARN_UNUSED_VARIABLE = YES;
				IPHONEOS_DEPLOYMENT_TARGET = 16.4;
				MTL_ENABLE_DEBUG_INFO = NO;
				MTL_FAST_MATH = YES;
				SDKROOT = iphoneos;
				SWIFT_COMPILATION_MODE = wholemodule;
				SWIFT_OPTIMIZATION_LEVEL = "-O";
				VALIDATE_PRODUCT = YES;
			};
			name = Release;
		};
		465476792A5D9AB000CAC5A6 /* Debug */ = {
			isa = XCBuildConfiguration;
			buildSettings = {
				ASSETCATALOG_COMPILER_APPICON_NAME = AppIcon;
				ASSETCATALOG_COMPILER_GLOBAL_ACCENT_COLOR_NAME = AccentColor;
				CODE_SIGN_STYLE = Automatic;
				CURRENT_PROJECT_VERSION = 1;
				DEVELOPMENT_TEAM = XWZ86ZVST3;
				GENERATE_INFOPLIST_FILE = YES;
				INFOPLIST_FILE = ImageFeed/Info.plist;
				INFOPLIST_KEY_UIApplicationSupportsIndirectInputEvents = YES;
				INFOPLIST_KEY_UILaunchStoryboardName = LaunchScreen;
				INFOPLIST_KEY_UIMainStoryboardFile = Main;
				INFOPLIST_KEY_UIStatusBarStyle = "";
				INFOPLIST_KEY_UISupportedInterfaceOrientations = UIInterfaceOrientationPortrait;
				IPHONEOS_DEPLOYMENT_TARGET = 13.0;
				LD_RUNPATH_SEARCH_PATHS = (
					"$(inherited)",
					"@executable_path/Frameworks",
				);
				MARKETING_VERSION = 1.0;
				PRODUCT_BUNDLE_IDENTIFIER = "ru.yandex.practicum.git-artyom.ImageFeed";
				PRODUCT_NAME = "$(TARGET_NAME)";
				SWIFT_EMIT_LOC_STRINGS = YES;
				SWIFT_VERSION = 5.0;
				TARGETED_DEVICE_FAMILY = 1;
			};
			name = Debug;
		};
		4654767A2A5D9AB000CAC5A6 /* Release */ = {
			isa = XCBuildConfiguration;
			buildSettings = {
				ASSETCATALOG_COMPILER_APPICON_NAME = AppIcon;
				ASSETCATALOG_COMPILER_GLOBAL_ACCENT_COLOR_NAME = AccentColor;
				CODE_SIGN_STYLE = Automatic;
				CURRENT_PROJECT_VERSION = 1;
				DEVELOPMENT_TEAM = XWZ86ZVST3;
				GENERATE_INFOPLIST_FILE = YES;
				INFOPLIST_FILE = ImageFeed/Info.plist;
				INFOPLIST_KEY_UIApplicationSupportsIndirectInputEvents = YES;
				INFOPLIST_KEY_UILaunchStoryboardName = LaunchScreen;
				INFOPLIST_KEY_UIMainStoryboardFile = Main;
				INFOPLIST_KEY_UIStatusBarStyle = "";
				INFOPLIST_KEY_UISupportedInterfaceOrientations = UIInterfaceOrientationPortrait;
				IPHONEOS_DEPLOYMENT_TARGET = 13.0;
				LD_RUNPATH_SEARCH_PATHS = (
					"$(inherited)",
					"@executable_path/Frameworks",
				);
				MARKETING_VERSION = 1.0;
				PRODUCT_BUNDLE_IDENTIFIER = "ru.yandex.practicum.git-artyom.ImageFeed";
				PRODUCT_NAME = "$(TARGET_NAME)";
				SWIFT_EMIT_LOC_STRINGS = YES;
				SWIFT_VERSION = 5.0;
				TARGETED_DEVICE_FAMILY = 1;
			};
			name = Release;
		};
		465BA18A2AC5BF8C00F1A974 /* Debug */ = {
			isa = XCBuildConfiguration;
			buildSettings = {
				BUNDLE_LOADER = "$(TEST_HOST)";
				CODE_SIGN_STYLE = Automatic;
				CURRENT_PROJECT_VERSION = 1;
				DEVELOPMENT_TEAM = XWZ86ZVST3;
				GENERATE_INFOPLIST_FILE = YES;
				MARKETING_VERSION = 1.0;
				PRODUCT_BUNDLE_IDENTIFIER = "ru.yandex.practicum.git-artyom.ImageFeedTests";
				PRODUCT_NAME = "$(TARGET_NAME)";
				SWIFT_EMIT_LOC_STRINGS = NO;
				SWIFT_VERSION = 5.0;
				TARGETED_DEVICE_FAMILY = "1,2";
				TEST_HOST = "$(BUILT_PRODUCTS_DIR)/ImageFeed.app/$(BUNDLE_EXECUTABLE_FOLDER_PATH)/ImageFeed";
			};
			name = Debug;
		};
		465BA18B2AC5BF8C00F1A974 /* Release */ = {
			isa = XCBuildConfiguration;
			buildSettings = {
				BUNDLE_LOADER = "$(TEST_HOST)";
				CODE_SIGN_STYLE = Automatic;
				CURRENT_PROJECT_VERSION = 1;
				DEVELOPMENT_TEAM = XWZ86ZVST3;
				GENERATE_INFOPLIST_FILE = YES;
				MARKETING_VERSION = 1.0;
				PRODUCT_BUNDLE_IDENTIFIER = "ru.yandex.practicum.git-artyom.ImageFeedTests";
				PRODUCT_NAME = "$(TARGET_NAME)";
				SWIFT_EMIT_LOC_STRINGS = NO;
				SWIFT_VERSION = 5.0;
				TARGETED_DEVICE_FAMILY = "1,2";
				TEST_HOST = "$(BUILT_PRODUCTS_DIR)/ImageFeed.app/$(BUNDLE_EXECUTABLE_FOLDER_PATH)/ImageFeed";
			};
			name = Release;
		};
/* End XCBuildConfiguration section */

/* Begin XCConfigurationList section */
		465476462A5D9AAE00CAC5A6 /* Build configuration list for PBXProject "ImageFeed" */ = {
			isa = XCConfigurationList;
			buildConfigurations = (
				465476762A5D9AB000CAC5A6 /* Debug */,
				465476772A5D9AB000CAC5A6 /* Release */,
			);
			defaultConfigurationIsVisible = 0;
			defaultConfigurationName = Release;
		};
		465476782A5D9AB000CAC5A6 /* Build configuration list for PBXNativeTarget "ImageFeed" */ = {
			isa = XCConfigurationList;
			buildConfigurations = (
				465476792A5D9AB000CAC5A6 /* Debug */,
				4654767A2A5D9AB000CAC5A6 /* Release */,
			);
			defaultConfigurationIsVisible = 0;
			defaultConfigurationName = Release;
		};
		465BA1892AC5BF8C00F1A974 /* Build configuration list for PBXNativeTarget "ImageFeedTests" */ = {
			isa = XCConfigurationList;
			buildConfigurations = (
				465BA18A2AC5BF8C00F1A974 /* Debug */,
				465BA18B2AC5BF8C00F1A974 /* Release */,
			);
			defaultConfigurationIsVisible = 0;
			defaultConfigurationName = Release;
		};
/* End XCConfigurationList section */

/* Begin XCRemoteSwiftPackageReference section */
		4638A5112A8FB9450082116A /* XCRemoteSwiftPackageReference "ProgressHUD" */ = {
			isa = XCRemoteSwiftPackageReference;
			repositoryURL = "https://github.com/relatedcode/ProgressHUD";
			requirement = {
				kind = exactVersion;
				version = 13.7.2;
			};
		};
		4638A51F2A9511400082116A /* XCRemoteSwiftPackageReference "Kingfisher" */ = {
			isa = XCRemoteSwiftPackageReference;
			repositoryURL = "https://github.com/onevcat/Kingfisher.git";
			requirement = {
				kind = exactVersion;
				version = 7.9.0;
			};
		};
		465BF0922A968023003EC49E /* XCRemoteSwiftPackageReference "SwiftKeychainWrapper" */ = {
			isa = XCRemoteSwiftPackageReference;
			repositoryURL = "https://github.com/jrendel/SwiftKeychainWrapper";
			requirement = {
				kind = exactVersion;
				version = 4.0.1;
			};
		};
/* End XCRemoteSwiftPackageReference section */

/* Begin XCSwiftPackageProductDependency section */
		4638A5122A8FB9450082116A /* ProgressHUD */ = {
			isa = XCSwiftPackageProductDependency;
			package = 4638A5112A8FB9450082116A /* XCRemoteSwiftPackageReference "ProgressHUD" */;
			productName = ProgressHUD;
		};
		4638A5202A9511400082116A /* Kingfisher */ = {
			isa = XCSwiftPackageProductDependency;
			package = 4638A51F2A9511400082116A /* XCRemoteSwiftPackageReference "Kingfisher" */;
			productName = Kingfisher;
		};
		465BF0932A968023003EC49E /* SwiftKeychainWrapper */ = {
			isa = XCSwiftPackageProductDependency;
			package = 465BF0922A968023003EC49E /* XCRemoteSwiftPackageReference "SwiftKeychainWrapper" */;
			productName = SwiftKeychainWrapper;
		};
/* End XCSwiftPackageProductDependency section */
	};
	rootObject = 465476432A5D9AAE00CAC5A6 /* Project object */;
}
